
Microsoft Visual Studio Solution File, Format Version 12.00
# Visual Studio 2012
Project("{FAE04EC0-301F-11D3-BF4B-00C04F79EFBC}") = "Services", "Services\Services.csproj", "{7BEEB995-F97F-4B1B-9008-A3439445C624}"
EndProject
Project("{FAE04EC0-301F-11D3-BF4B-00C04F79EFBC}") = "MenuzRus", "MenuzRus\MenuzRus.csproj", "{DCD63AAA-8FCD-4EE2-B18A-1DEDB8DF020D}"
EndProject
Project("{FAE04EC0-301F-11D3-BF4B-00C04F79EFBC}") = "Common", "Common\Common.csproj", "{CC5D0C80-9B30-4958-AB58-BC3E1939F91F}"
EndProject
Global
	GlobalSection(SolutionConfigurationPlatforms) = preSolution
		Debug|Any CPU = Debug|Any CPU
		Release|Any CPU = Release|Any CPU
	EndGlobalSection
	GlobalSection(ProjectConfigurationPlatforms) = postSolution
		{7BEEB995-F97F-4B1B-9008-A3439445C624}.Debug|Any CPU.ActiveCfg = Debug|Any CPU
		{7BEEB995-F97F-4B1B-9008-A3439445C624}.Debug|Any CPU.Build.0 = Debug|Any CPU
		{7BEEB995-F97F-4B1B-9008-A3439445C624}.Release|Any CPU.ActiveCfg = Release|Any CPU
		{7BEEB995-F97F-4B1B-9008-A3439445C624}.Release|Any CPU.Build.0 = Release|Any CPU
		{DCD63AAA-8FCD-4EE2-B18A-1DEDB8DF020D}.Debug|Any CPU.ActiveCfg = Debug|Any CPU
		{DCD63AAA-8FCD-4EE2-B18A-1DEDB8DF020D}.Debug|Any CPU.Build.0 = Debug|Any CPU
		{DCD63AAA-8FCD-4EE2-B18A-1DEDB8DF020D}.Release|Any CPU.ActiveCfg = Release|Any CPU
		{DCD63AAA-8FCD-4EE2-B18A-1DEDB8DF020D}.Release|Any CPU.Build.0 = Release|Any CPU
		{CC5D0C80-9B30-4958-AB58-BC3E1939F91F}.Debug|Any CPU.ActiveCfg = Debug|Any CPU
		{CC5D0C80-9B30-4958-AB58-BC3E1939F91F}.Debug|Any CPU.Build.0 = Debug|Any CPU
		{CC5D0C80-9B30-4958-AB58-BC3E1939F91F}.Release|Any CPU.ActiveCfg = Release|Any CPU
		{CC5D0C80-9B30-4958-AB58-BC3E1939F91F}.Release|Any CPU.Build.0 = Release|Any CPU
	EndGlobalSection
	GlobalSection(SolutionProperties) = preSolution
		HideSolutionNode = FALSE
	EndGlobalSection
EndGlobal
